
Microsoft Visual Studio Solution File, Format Version 12.00
# Visual Studio Version 17
VisualStudioVersion = 17.7.34221.43
MinimumVisualStudioVersion = 10.0.40219.1
Project("{FAE04EC0-301F-11D3-BF4B-00C04F79EFBC}") = "InitialLearning", "InitialLearning.csproj", "{FE2AC1E1-0AE9-42F7-981B-AAAAADDE63EF}"
EndProject
Global
	GlobalSection(SolutionConfigurationPlatforms) = preSolution
		Debug|Any CPU = Debug|Any CPU
		Release|Any CPU = Release|Any CPU
	EndGlobalSection
	GlobalSection(ProjectConfigurationPlatforms) = postSolution
		{FE2AC1E1-0AE9-42F7-981B-AAAAADDE63EF}.Debug|Any CPU.ActiveCfg = Debug|Any CPU
		{FE2AC1E1-0AE9-42F7-981B-AAAAADDE63EF}.Debug|Any CPU.Build.0 = Debug|Any CPU
		{FE2AC1E1-0AE9-42F7-981B-AAAAADDE63EF}.Release|Any CPU.ActiveCfg = Release|Any CPU
		{FE2AC1E1-0AE9-42F7-981B-AAAAADDE63EF}.Release|Any CPU.Build.0 = Release|Any CPU
	EndGlobalSection
	GlobalSection(SolutionProperties) = preSolution
		HideSolutionNode = FALSE
	EndGlobalSection
	GlobalSection(ExtensibilityGlobals) = postSolution
		SolutionGuid = {1E990F04-F539-4793-BA46-4DB22A002BED}
	EndGlobalSection
EndGlobal
